{
	"name": "helloworld",
	"version": "0.0.1-a",
	"lockfileVersion": 1,
	"requires": true,
	"dependencies": {
		"asynquence-contrib": {
			"version": "0.28.2",
			"resolved": "https://registry.npmjs.org/asynquence-contrib/-/asynquence-contrib-0.28.2.tgz",
			"integrity": "sha512-HdZEw18kbiMbVyTRnLzLvwBs2arUFO05dWrEolDxEcUJu7jw8bLgiTfajTjxzQL7ldsMYIxrjtLpBEkM90DPYA=="
		}
	}
}
